
Microsoft Visual Studio Solution File, Format Version 12.00
# Visual Studio Version 17
VisualStudioVersion = 17.13.35828.75
MinimumVisualStudioVersion = 10.0.40219.1
Project("{2150E333-8FDC-42A3-9474-1A3956D46DE8}") = "Docs", "Docs", "{02EA681E-C7D8-13C7-8484-4AC65E1B71E8}"
	ProjectSection(SolutionItems) = preProject
		Docs\Präsentation.pptx = Docs\Präsentation.pptx
	EndProjectSection
EndProject
Project("{2150E333-8FDC-42A3-9474-1A3956D46DE8}") = "Gateway", "Gateway", "{E1646360-9DCA-4632-86C4-5BE9247E8E09}"
EndProject
Project("{FAE04EC0-301F-11D3-BF4B-00C04F79EFBC}") = "ApiGateway", "Gateway\ApiGateway\ApiGateway.csproj", "{99C27881-4371-A20A-3390-69632B7DCEFD}"
EndProject
Project("{2150E333-8FDC-42A3-9474-1A3956D46DE8}") = "Postman", "Postman", "{58FCD3D0-33E3-4218-8C07-5CB5B8E808A7}"
	ProjectSection(SolutionItems) = preProject
		Postman\SkyBookerCollection.json = Postman\SkyBookerCollection.json
	EndProjectSection
EndProject
Project("{2150E333-8FDC-42A3-9474-1A3956D46DE8}") = "Services", "Services", "{94BA2857-8B85-4B2D-9BFD-6EC84AF18258}"
EndProject
Project("{2150E333-8FDC-42A3-9474-1A3956D46DE8}") = "Shared", "Shared", "{B1173CC9-5CE6-4B2F-B343-EE777AE10ED4}"
EndProject
Project("{FAE04EC0-301F-11D3-BF4B-00C04F79EFBC}") = "AuthService", "Services\AuthService\AuthService.csproj", "{16FD9863-A745-7DF3-D0FD-B69A0BD39998}"
EndProject
Project("{FAE04EC0-301F-11D3-BF4B-00C04F79EFBC}") = "BookingService", "Services\BookingService\BookingService.csproj", "{337E4A6A-26B0-70A5-FD62-6182A43AF070}"
EndProject
Project("{FAE04EC0-301F-11D3-BF4B-00C04F79EFBC}") = "FlightService", "Services\FlightService\FlightService.csproj", "{2C65DD93-88A4-3858-2A66-102103FF0ACF}"
EndProject
Project("{FAE04EC0-301F-11D3-BF4B-00C04F79EFBC}") = "Shared", "Shared\Shared.csproj", "{054B473F-7C91-4D90-B54A-0C05EDC3BA16}"
EndProject
Global
	GlobalSection(SolutionConfigurationPlatforms) = preSolution
		Debug|Any CPU = Debug|Any CPU
		Release|Any CPU = Release|Any CPU
	EndGlobalSection
	GlobalSection(ProjectConfigurationPlatforms) = postSolution
		{99C27881-4371-A20A-3390-69632B7DCEFD}.Debug|Any CPU.ActiveCfg = Debug|Any CPU
		{99C27881-4371-A20A-3390-69632B7DCEFD}.Debug|Any CPU.Build.0 = Debug|Any CPU
		{99C27881-4371-A20A-3390-69632B7DCEFD}.Release|Any CPU.ActiveCfg = Release|Any CPU
		{99C27881-4371-A20A-3390-69632B7DCEFD}.Release|Any CPU.Build.0 = Release|Any CPU
		{16FD9863-A745-7DF3-D0FD-B69A0BD39998}.Debug|Any CPU.ActiveCfg = Debug|Any CPU
		{16FD9863-A745-7DF3-D0FD-B69A0BD39998}.Debug|Any CPU.Build.0 = Debug|Any CPU
		{16FD9863-A745-7DF3-D0FD-B69A0BD39998}.Release|Any CPU.ActiveCfg = Release|Any CPU
		{16FD9863-A745-7DF3-D0FD-B69A0BD39998}.Release|Any CPU.Build.0 = Release|Any CPU
		{337E4A6A-26B0-70A5-FD62-6182A43AF070}.Debug|Any CPU.ActiveCfg = Debug|Any CPU
		{337E4A6A-26B0-70A5-FD62-6182A43AF070}.Debug|Any CPU.Build.0 = Debug|Any CPU
		{337E4A6A-26B0-70A5-FD62-6182A43AF070}.Release|Any CPU.ActiveCfg = Release|Any CPU
		{337E4A6A-26B0-70A5-FD62-6182A43AF070}.Release|Any CPU.Build.0 = Release|Any CPU
		{2C65DD93-88A4-3858-2A66-102103FF0ACF}.Debug|Any CPU.ActiveCfg = Debug|Any CPU
		{2C65DD93-88A4-3858-2A66-102103FF0ACF}.Debug|Any CPU.Build.0 = Debug|Any CPU
		{2C65DD93-88A4-3858-2A66-102103FF0ACF}.Release|Any CPU.ActiveCfg = Release|Any CPU
		{2C65DD93-88A4-3858-2A66-102103FF0ACF}.Release|Any CPU.Build.0 = Release|Any CPU
		{054B473F-7C91-4D90-B54A-0C05EDC3BA16}.Debug|Any CPU.ActiveCfg = Debug|Any CPU
		{054B473F-7C91-4D90-B54A-0C05EDC3BA16}.Debug|Any CPU.Build.0 = Debug|Any CPU
		{054B473F-7C91-4D90-B54A-0C05EDC3BA16}.Release|Any CPU.ActiveCfg = Release|Any CPU
		{054B473F-7C91-4D90-B54A-0C05EDC3BA16}.Release|Any CPU.Build.0 = Release|Any CPU
	EndGlobalSection
	GlobalSection(SolutionProperties) = preSolution
		HideSolutionNode = FALSE
	EndGlobalSection
	GlobalSection(NestedProjects) = preSolution
		{99C27881-4371-A20A-3390-69632B7DCEFD} = {E1646360-9DCA-4632-86C4-5BE9247E8E09}
		{16FD9863-A745-7DF3-D0FD-B69A0BD39998} = {94BA2857-8B85-4B2D-9BFD-6EC84AF18258}
		{337E4A6A-26B0-70A5-FD62-6182A43AF070} = {94BA2857-8B85-4B2D-9BFD-6EC84AF18258}
		{2C65DD93-88A4-3858-2A66-102103FF0ACF} = {94BA2857-8B85-4B2D-9BFD-6EC84AF18258}
		{054B473F-7C91-4D90-B54A-0C05EDC3BA16} = {B1173CC9-5CE6-4B2F-B343-EE777AE10ED4}
	EndGlobalSection
	GlobalSection(ExtensibilityGlobals) = postSolution
		SolutionGuid = {9A595522-3DF3-44EB-9A4B-2AF56FFF6A0A}
	EndGlobalSection
EndGlobal
